
Microsoft Visual Studio Solution File, Format Version 12.00
# Visual Studio Version 16
VisualStudioVersion = 16.0.29613.14
MinimumVisualStudioVersion = 10.0.40219.1
Project("{FAE04EC0-301F-11D3-BF4B-00C04F79EFBC}") = "DutchTreat", "DutchTreat\DutchTreat.csproj", "{869B9F7B-16BF-4836-A5AA-FB26C053387E}"
EndProject
Global
	GlobalSection(SolutionConfigurationPlatforms) = preSolution
		Debug|Any CPU = Debug|Any CPU
		Release|Any CPU = Release|Any CPU
	EndGlobalSection
	GlobalSection(ProjectConfigurationPlatforms) = postSolution
		{869B9F7B-16BF-4836-A5AA-FB26C053387E}.Debug|Any CPU.ActiveCfg = Debug|Any CPU
		{869B9F7B-16BF-4836-A5AA-FB26C053387E}.Debug|Any CPU.Build.0 = Debug|Any CPU
		{869B9F7B-16BF-4836-A5AA-FB26C053387E}.Release|Any CPU.ActiveCfg = Release|Any CPU
		{869B9F7B-16BF-4836-A5AA-FB26C053387E}.Release|Any CPU.Build.0 = Release|Any CPU
	EndGlobalSection
	GlobalSection(SolutionProperties) = preSolution
		HideSolutionNode = FALSE
	EndGlobalSection
	GlobalSection(ExtensibilityGlobals) = postSolution
		SolutionGuid = {5F8592A4-041E-405F-A205-F1F4BDCF0658}
	EndGlobalSection
EndGlobal
